
Microsoft Visual Studio Solution File, Format Version 12.00
# Visual Studio Version 17
VisualStudioVersion = 17.9.34622.214
MinimumVisualStudioVersion = 10.0.40219.1
Project("{2150E333-8FDC-42A3-9474-1A3956D46DE8}") = "Services", "Services", "{25CD6592-0826-4998-AEB3-B5D4A7A6D615}"
EndProject
Project("{2150E333-8FDC-42A3-9474-1A3956D46DE8}") = "Integration", "Integration", "{318EF583-8C2A-498A-B01C-5052FFFFC384}"
EndProject
Project("{2150E333-8FDC-42A3-9474-1A3956D46DE8}") = "Gateway", "Gateway", "{CB02FDDB-A55F-48FE-AA3F-123EAEF2B453}"
EndProject
Project("{2150E333-8FDC-42A3-9474-1A3956D46DE8}") = "Frontend", "Frontend", "{ED92F327-492B-4E61-B370-B6B6FD1934FD}"
EndProject
Project("{FAE04EC0-301F-11D3-BF4B-00C04F79EFBC}") = "Mongo.Services.CouponAPI", "Mongo.Services.CouponAPI\Mongo.Services.CouponAPI.csproj", "{022126B1-C3A9-4939-B2B8-A1BF02B4DFF0}"
EndProject
Global
	GlobalSection(SolutionConfigurationPlatforms) = preSolution
		Debug|Any CPU = Debug|Any CPU
		Release|Any CPU = Release|Any CPU
	EndGlobalSection
	GlobalSection(ProjectConfigurationPlatforms) = postSolution
		{022126B1-C3A9-4939-B2B8-A1BF02B4DFF0}.Debug|Any CPU.ActiveCfg = Debug|Any CPU
		{022126B1-C3A9-4939-B2B8-A1BF02B4DFF0}.Debug|Any CPU.Build.0 = Debug|Any CPU
		{022126B1-C3A9-4939-B2B8-A1BF02B4DFF0}.Release|Any CPU.ActiveCfg = Release|Any CPU
		{022126B1-C3A9-4939-B2B8-A1BF02B4DFF0}.Release|Any CPU.Build.0 = Release|Any CPU
	EndGlobalSection
	GlobalSection(SolutionProperties) = preSolution
		HideSolutionNode = FALSE
	EndGlobalSection
	GlobalSection(NestedProjects) = preSolution
		{022126B1-C3A9-4939-B2B8-A1BF02B4DFF0} = {25CD6592-0826-4998-AEB3-B5D4A7A6D615}
	EndGlobalSection
	GlobalSection(ExtensibilityGlobals) = postSolution
		SolutionGuid = {A840887F-8D78-4B2C-A283-0239F73E38F4}
	EndGlobalSection
EndGlobal
